github.com/ctx42/testing v0.57.0 h1:Kl649LT2rWVMZGXRMDxUSvdd/CF+AOcmXh40gBEPejc=
github.com/ctx42/testing v0.57.0/go.mod h1:wRBqNRtlxDZnXIjgCX3zr05Acl6JC1D6cSBN2IpaMIs=
github.com/ctx42/testkit v0.16.2 h1:SapGRyoKHx9itNLiNjAyTi9fj/5xGFs89VCLeCgctG4=
github.com/ctx42/testkit v0.16.2/go.mod h1:0NJDCfvxjhuzr4iSNLbYfl/oFy5q973fCSiXbM4jny4=
